Microsoft Visual Studio Solution File, Format Version 12.00
# Visual Studio 15
VisualStudioVersion = 15.0.26730.16
MinimumVisualStudioVersion = 10.0.40219.1
Project("{9A19103F-16F7-4668-BE54-9A1E7A4F7556}") = "MGA.Domain", "MGA.Domain\MGA.Domain.csproj", "{7CDC0B60-D4CE-4A8E-AB42-A5F771C80BD7}"
EndProject
Project("{9A19103F-16F7-4668-BE54-9A1E7A4F7556}") = "MGA.Data", "MGA.Data\MGA.Data.csproj", "{45F56553-B9CD-4324-98E2-61BA4C7ABAA9}"
EndProject
Project("{9A19103F-16F7-4668-BE54-9A1E7A4F7556}") = "MGA.AppService", "MGA.AppService\MGA.AppService.csproj", "{9EBB0EDA-5CDF-4AAE-8F74-56668E4636ED}"
EndProject
Project("{2150E333-8FDC-42A3-9474-1A3956D46DE8}") = "6 - Tests", "6 - Tests", "{1AACE900-2DCF-4A97-8986-DCE788EBFE9C}"
EndProject
Project("{9A19103F-16F7-4668-BE54-9A1E7A4F7556}") = "MGA.Test.Data", "Test\Data\MGA.Test.Data.csproj", "{04327D6A-0121-4B22-B234-8B440CA4EB30}"
EndProject
Project("{9A19103F-16F7-4668-BE54-9A1E7A4F7556}") = "MGA.Test.Domain", "Test\Domain\MGA.Test.Domain.csproj", "{5BE1D7D2-5D39-48C8-8DE2-7A9D548CE9CC}"
EndProject
Project("{9A19103F-16F7-4668-BE54-9A1E7A4F7556}") = "MGA.Test.AppService", "Test\AppService\MGA.Test.AppService.csproj", "{9C09FC7D-3E78-48E5-A422-031550A8EBE3}"
EndProject
Project("{9A19103F-16F7-4668-BE54-9A1E7A4F7556}") = "MGA.CrossCutting", "MGA.CrossCutting\MGA.CrossCutting.csproj", "{ADE325EC-F707-40BA-B2F5-118160422718}"
EndProject
Project("{2150E333-8FDC-42A3-9474-1A3956D46DE8}") = "1 - API", "1 - API", "{10009A1C-D585-4E91-8C60-D9AA8A4C96D5}"
EndProject
Project("{2150E333-8FDC-42A3-9474-1A3956D46DE8}") = "2 - AppService", "2 - AppService", "{D782BE41-A931-4499-A8D3-5D17C25C592B}"
EndProject
Project("{2150E333-8FDC-42A3-9474-1A3956D46DE8}") = "3 - Domain", "3 - Domain", "{F94AAD55-7C5C-4BB7-998D-0CEB03D2BC3A}"
EndProject
Project("{2150E333-8FDC-42A3-9474-1A3956D46DE8}") = "4 - Data", "4 - Data", "{CD1123A1-7423-457F-BCE5-886C3D257A35}"
EndProject
Project("{2150E333-8FDC-42A3-9474-1A3956D46DE8}") = "5 - CrossCutting", "5 - CrossCutting", "{36A50117-E5EC-430B-BE32-C0A4C0938097}"
EndProject
Project("{9A19103F-16F7-4668-BE54-9A1E7A4F7556}") = "MGA.API2", "MGA.API2\MGA.API2.csproj", "{A0D54C44-D63E-45A7-831A-A032FCBC7CF2}"
EndProject
Global
	GlobalSection(SolutionConfigurationPlatforms) = preSolution
		Debug|Any CPU = Debug|Any CPU
		Release|Any CPU = Release|Any CPU
	EndGlobalSection
	GlobalSection(ProjectConfigurationPlatforms) = postSolution
		{7CDC0B60-D4CE-4A8E-AB42-A5F771C80BD7}.Debug|Any CPU.ActiveCfg = Debug|Any CPU
		{7CDC0B60-D4CE-4A8E-AB42-A5F771C80BD7}.Debug|Any CPU.Build.0 = Debug|Any CPU
		{7CDC0B60-D4CE-4A8E-AB42-A5F771C80BD7}.Release|Any CPU.ActiveCfg = Release|Any CPU
		{7CDC0B60-D4CE-4A8E-AB42-A5F771C80BD7}.Release|Any CPU.Build.0 = Release|Any CPU
		{45F56553-B9CD-4324-98E2-61BA4C7ABAA9}.Debug|Any CPU.ActiveCfg = Debug|Any CPU
		{45F56553-B9CD-4324-98E2-61BA4C7ABAA9}.Debug|Any CPU.Build.0 = Debug|Any CPU
		{45F56553-B9CD-4324-98E2-61BA4C7ABAA9}.Release|Any CPU.ActiveCfg = Release|Any CPU
		{45F56553-B9CD-4324-98E2-61BA4C7ABAA9}.Release|Any CPU.Build.0 = Release|Any CPU
		{9EBB0EDA-5CDF-4AAE-8F74-56668E4636ED}.Debug|Any CPU.ActiveCfg = Debug|Any CPU
		{9EBB0EDA-5CDF-4AAE-8F74-56668E4636ED}.Debug|Any CPU.Build.0 = Debug|Any CPU
		{9EBB0EDA-5CDF-4AAE-8F74-56668E4636ED}.Release|Any CPU.ActiveCfg = Release|Any CPU
		{9EBB0EDA-5CDF-4AAE-8F74-56668E4636ED}.Release|Any CPU.Build.0 = Release|Any CPU
		{04327D6A-0121-4B22-B234-8B440CA4EB30}.Debug|Any CPU.ActiveCfg = Debug|Any CPU
		{04327D6A-0121-4B22-B234-8B440CA4EB30}.Debug|Any CPU.Build.0 = Debug|Any CPU
		{04327D6A-0121-4B22-B234-8B440CA4EB30}.Release|Any CPU.ActiveCfg = Release|Any CPU
		{04327D6A-0121-4B22-B234-8B440CA4EB30}.Release|Any CPU.Build.0 = Release|Any CPU
		{5BE1D7D2-5D39-48C8-8DE2-7A9D548CE9CC}.Debug|Any CPU.ActiveCfg = Debug|Any CPU
		{5BE1D7D2-5D39-48C8-8DE2-7A9D548CE9CC}.Debug|Any CPU.Build.0 = Debug|Any CPU
		{5BE1D7D2-5D39-48C8-8DE2-7A9D548CE9CC}.Release|Any CPU.ActiveCfg = Release|Any CPU
		{5BE1D7D2-5D39-48C8-8DE2-7A9D548CE9CC}.Release|Any CPU.Build.0 = Release|Any CPU
		{9C09FC7D-3E78-48E5-A422-031550A8EBE3}.Debug|Any CPU.ActiveCfg = Debug|Any CPU
		{9C09FC7D-3E78-48E5-A422-031550A8EBE3}.Debug|Any CPU.Build.0 = Debug|Any CPU
		{9C09FC7D-3E78-48E5-A422-031550A8EBE3}.Release|Any CPU.ActiveCfg = Release|Any CPU
		{9C09FC7D-3E78-48E5-A422-031550A8EBE3}.Release|Any CPU.Build.0 = Release|Any CPU
		{ADE325EC-F707-40BA-B2F5-118160422718}.Debug|Any CPU.ActiveCfg = Debug|Any CPU
		{ADE325EC-F707-40BA-B2F5-118160422718}.Debug|Any CPU.Build.0 = Debug|Any CPU
		{ADE325EC-F707-40BA-B2F5-118160422718}.Release|Any CPU.ActiveCfg = Release|Any CPU
		{ADE325EC-F707-40BA-B2F5-118160422718}.Release|Any CPU.Build.0 = Release|Any CPU
		{A0D54C44-D63E-45A7-831A-A032FCBC7CF2}.Debug|Any CPU.ActiveCfg = Debug|Any CPU
		{A0D54C44-D63E-45A7-831A-A032FCBC7CF2}.Debug|Any CPU.Build.0 = Debug|Any CPU
		{A0D54C44-D63E-45A7-831A-A032FCBC7CF2}.Release|Any CPU.ActiveCfg = Release|Any CPU
		{A0D54C44-D63E-45A7-831A-A032FCBC7CF2}.Release|Any CPU.Build.0 = Release|Any CPU
	EndGlobalSection
	GlobalSection(SolutionProperties) = preSolution
		HideSolutionNode = FALSE
	EndGlobalSection
	GlobalSection(NestedProjects) = preSolution
		{7CDC0B60-D4CE-4A8E-AB42-A5F771C80BD7} = {F94AAD55-7C5C-4BB7-998D-0CEB03D2BC3A}
		{45F56553-B9CD-4324-98E2-61BA4C7ABAA9} = {CD1123A1-7423-457F-BCE5-886C3D257A35}
		{9EBB0EDA-5CDF-4AAE-8F74-56668E4636ED} = {D782BE41-A931-4499-A8D3-5D17C25C592B}
		{04327D6A-0121-4B22-B234-8B440CA4EB30} = {1AACE900-2DCF-4A97-8986-DCE788EBFE9C}
		{5BE1D7D2-5D39-48C8-8DE2-7A9D548CE9CC} = {1AACE900-2DCF-4A97-8986-DCE788EBFE9C}
		{9C09FC7D-3E78-48E5-A422-031550A8EBE3} = {1AACE900-2DCF-4A97-8986-DCE788EBFE9C}
		{ADE325EC-F707-40BA-B2F5-118160422718} = {36A50117-E5EC-430B-BE32-C0A4C0938097}
		{A0D54C44-D63E-45A7-831A-A032FCBC7CF2} = {10009A1C-D585-4E91-8C60-D9AA8A4C96D5}
	EndGlobalSection
	GlobalSection(ExtensibilityGlobals) = postSolution
		SolutionGuid = {138655D1-AF1F-460F-BF59-D589435837F2}
	EndGlobalSection
EndGlobal
